
Microsoft Visual Studio Solution File, Format Version 12.00
# Visual Studio 15
VisualStudioVersion = 15.0.28010.2036
MinimumVisualStudioVersion = 10.0.40219.1
Project("{FAE04EC0-301F-11D3-BF4B-00C04F79EFBC}") = "SingleInheritance", "SingleInheritance\SingleInheritance.csproj", "{12AD37CA-4BFE-431C-8E40-5872A67712C3}"
EndProject
Project("{FAE04EC0-301F-11D3-BF4B-00C04F79EFBC}") = "MultipleInheritance", "MultipleInheritance\MultipleInheritance.csproj", "{179D5277-1C25-4464-8F78-2498B3ABB76B}"
EndProject
Project("{FAE04EC0-301F-11D3-BF4B-00C04F79EFBC}") = "HierarchicalInheritance", "HierarchicalInheritance\HierarchicalInheritance.csproj", "{CC948ACB-F990-491B-8F72-E5FDEECBAE33}"
EndProject
Project("{FAE04EC0-301F-11D3-BF4B-00C04F79EFBC}") = "CustomRandomList", "RandomList\CustomRandomList.csproj", "{742A4000-B4E7-4222-B0DE-0A34139BFFA2}"
EndProject
Project("{FAE04EC0-301F-11D3-BF4B-00C04F79EFBC}") = "StackOfStrings", "StackOfStrings\StackOfStrings.csproj", "{C893A414-23E3-427F-BB94-DD519D503303}"
EndProject
Global
	GlobalSection(SolutionConfigurationPlatforms) = preSolution
		Debug|Any CPU = Debug|Any CPU
		Release|Any CPU = Release|Any CPU
	EndGlobalSection
	GlobalSection(ProjectConfigurationPlatforms) = postSolution
		{12AD37CA-4BFE-431C-8E40-5872A67712C3}.Debug|Any CPU.ActiveCfg = Debug|Any CPU
		{12AD37CA-4BFE-431C-8E40-5872A67712C3}.Debug|Any CPU.Build.0 = Debug|Any CPU
		{12AD37CA-4BFE-431C-8E40-5872A67712C3}.Release|Any CPU.ActiveCfg = Release|Any CPU
		{12AD37CA-4BFE-431C-8E40-5872A67712C3}.Release|Any CPU.Build.0 = Release|Any CPU
		{179D5277-1C25-4464-8F78-2498B3ABB76B}.Debug|Any CPU.ActiveCfg = Debug|Any CPU
		{179D5277-1C25-4464-8F78-2498B3ABB76B}.Debug|Any CPU.Build.0 = Debug|Any CPU
		{179D5277-1C25-4464-8F78-2498B3ABB76B}.Release|Any CPU.ActiveCfg = Release|Any CPU
		{179D5277-1C25-4464-8F78-2498B3ABB76B}.Release|Any CPU.Build.0 = Release|Any CPU
		{CC948ACB-F990-491B-8F72-E5FDEECBAE33}.Debug|Any CPU.ActiveCfg = Debug|Any CPU
		{CC948ACB-F990-491B-8F72-E5FDEECBAE33}.Debug|Any CPU.Build.0 = Debug|Any CPU
		{CC948ACB-F990-491B-8F72-E5FDEECBAE33}.Release|Any CPU.ActiveCfg = Release|Any CPU
		{CC948ACB-F990-491B-8F72-E5FDEECBAE33}.Release|Any CPU.Build.0 = Release|Any CPU
		{742A4000-B4E7-4222-B0DE-0A34139BFFA2}.Debug|Any CPU.ActiveCfg = Debug|Any CPU
		{742A4000-B4E7-4222-B0DE-0A34139BFFA2}.Debug|Any CPU.Build.0 = Debug|Any CPU
		{742A4000-B4E7-4222-B0DE-0A34139BFFA2}.Release|Any CPU.ActiveCfg = Release|Any CPU
		{742A4000-B4E7-4222-B0DE-0A34139BFFA2}.Release|Any CPU.Build.0 = Release|Any CPU
		{C893A414-23E3-427F-BB94-DD519D503303}.Debug|Any CPU.ActiveCfg = Debug|Any CPU
		{C893A414-23E3-427F-BB94-DD519D503303}.Debug|Any CPU.Build.0 = Debug|Any CPU
		{C893A414-23E3-427F-BB94-DD519D503303}.Release|Any CPU.ActiveCfg = Release|Any CPU
		{C893A414-23E3-427F-BB94-DD519D503303}.Release|Any CPU.Build.0 = Release|Any CPU
	EndGlobalSection
	GlobalSection(SolutionProperties) = preSolution
		HideSolutionNode = FALSE
	EndGlobalSection
	GlobalSection(ExtensibilityGlobals) = postSolution
		SolutionGuid = {86646B65-9AF0-4E59-BFD2-EEB07F47A726}
	EndGlobalSection
EndGlobal
