
Microsoft Visual Studio Solution File, Format Version 12.00
# Visual Studio 15
VisualStudioVersion = 15.0.28010.2036
MinimumVisualStudioVersion = 10.0.40219.1
Project("{9A19103F-16F7-4668-BE54-9A1E7A4F7556}") = "ClassBox", "ClassBox\ClassBox.csproj", "{A3CEB6D0-6CCC-4641-8555-CD0FBDAD3B95}"
EndProject
Project("{9A19103F-16F7-4668-BE54-9A1E7A4F7556}") = "ClassBoxDataValidation", "ClassBoxDataValidation\ClassBoxDataValidation.csproj", "{8C86D9A0-B51F-4562-A264-0B19E7001BD2}"
EndProject
Project("{9A19103F-16F7-4668-BE54-9A1E7A4F7556}") = "AnimalFarm", "AnimalFarm\AnimalFarm.csproj", "{3D7CA723-F715-4B1C-A7EC-13810606ED9E}"
EndProject
Project("{9A19103F-16F7-4668-BE54-9A1E7A4F7556}") = "ShoppingSpree", "ShoppingSpree\ShoppingSpree.csproj", "{52A1590F-FB3A-4EF9-8D1A-646E829444E1}"
EndProject
Project("{FAE04EC0-301F-11D3-BF4B-00C04F79EFBC}") = "PizzaCalories", "PizzaCalories\PizzaCalories.csproj", "{915A63E8-E6E6-4895-9C08-A008DDC8705C}"
EndProject
Project("{FAE04EC0-301F-11D3-BF4B-00C04F79EFBC}") = "FootballTeamGenerator", "FootballTeamGenerator\FootballTeamGenerator.csproj", "{544F4108-5CD8-49D2-8EFA-CC3D82EA2DEB}"
EndProject
Global
	GlobalSection(SolutionConfigurationPlatforms) = preSolution
		Debug|Any CPU = Debug|Any CPU
		Release|Any CPU = Release|Any CPU
	EndGlobalSection
	GlobalSection(ProjectConfigurationPlatforms) = postSolution
		{A3CEB6D0-6CCC-4641-8555-CD0FBDAD3B95}.Debug|Any CPU.ActiveCfg = Debug|Any CPU
		{A3CEB6D0-6CCC-4641-8555-CD0FBDAD3B95}.Debug|Any CPU.Build.0 = Debug|Any CPU
		{A3CEB6D0-6CCC-4641-8555-CD0FBDAD3B95}.Release|Any CPU.ActiveCfg = Release|Any CPU
		{A3CEB6D0-6CCC-4641-8555-CD0FBDAD3B95}.Release|Any CPU.Build.0 = Release|Any CPU
		{8C86D9A0-B51F-4562-A264-0B19E7001BD2}.Debug|Any CPU.ActiveCfg = Debug|Any CPU
		{8C86D9A0-B51F-4562-A264-0B19E7001BD2}.Debug|Any CPU.Build.0 = Debug|Any CPU
		{8C86D9A0-B51F-4562-A264-0B19E7001BD2}.Release|Any CPU.ActiveCfg = Release|Any CPU
		{8C86D9A0-B51F-4562-A264-0B19E7001BD2}.Release|Any CPU.Build.0 = Release|Any CPU
		{3D7CA723-F715-4B1C-A7EC-13810606ED9E}.Debug|Any CPU.ActiveCfg = Debug|Any CPU
		{3D7CA723-F715-4B1C-A7EC-13810606ED9E}.Debug|Any CPU.Build.0 = Debug|Any CPU
		{3D7CA723-F715-4B1C-A7EC-13810606ED9E}.Release|Any CPU.ActiveCfg = Release|Any CPU
		{3D7CA723-F715-4B1C-A7EC-13810606ED9E}.Release|Any CPU.Build.0 = Release|Any CPU
		{52A1590F-FB3A-4EF9-8D1A-646E829444E1}.Debug|Any CPU.ActiveCfg = Debug|Any CPU
		{52A1590F-FB3A-4EF9-8D1A-646E829444E1}.Debug|Any CPU.Build.0 = Debug|Any CPU
		{52A1590F-FB3A-4EF9-8D1A-646E829444E1}.Release|Any CPU.ActiveCfg = Release|Any CPU
		{52A1590F-FB3A-4EF9-8D1A-646E829444E1}.Release|Any CPU.Build.0 = Release|Any CPU
		{915A63E8-E6E6-4895-9C08-A008DDC8705C}.Debug|Any CPU.ActiveCfg = Debug|Any CPU
		{915A63E8-E6E6-4895-9C08-A008DDC8705C}.Debug|Any CPU.Build.0 = Debug|Any CPU
		{915A63E8-E6E6-4895-9C08-A008DDC8705C}.Release|Any CPU.ActiveCfg = Release|Any CPU
		{915A63E8-E6E6-4895-9C08-A008DDC8705C}.Release|Any CPU.Build.0 = Release|Any CPU
		{544F4108-5CD8-49D2-8EFA-CC3D82EA2DEB}.Debug|Any CPU.ActiveCfg = Debug|Any CPU
		{544F4108-5CD8-49D2-8EFA-CC3D82EA2DEB}.Debug|Any CPU.Build.0 = Debug|Any CPU
		{544F4108-5CD8-49D2-8EFA-CC3D82EA2DEB}.Release|Any CPU.ActiveCfg = Release|Any CPU
		{544F4108-5CD8-49D2-8EFA-CC3D82EA2DEB}.Release|Any CPU.Build.0 = Release|Any CPU
	EndGlobalSection
	GlobalSection(SolutionProperties) = preSolution
		HideSolutionNode = FALSE
	EndGlobalSection
	GlobalSection(ExtensibilityGlobals) = postSolution
		SolutionGuid = {838933D0-B697-45F5-B8C5-8200CD832876}
	EndGlobalSection
EndGlobal
