
Microsoft Visual Studio Solution File, Format Version 12.00
# Visual Studio 15
VisualStudioVersion = 15.0.28010.2036
MinimumVisualStudioVersion = 10.0.40219.1
Project("{9A19103F-16F7-4668-BE54-9A1E7A4F7556}") = "Shapes", "Shapes\Shapes.csproj", "{6480EFEA-1FEE-4078-8E24-61331321B72D}"
EndProject
Project("{FAE04EC0-301F-11D3-BF4B-00C04F79EFBC}") = "Cars", "Cars\Cars.csproj", "{01A34C67-4F97-4903-A041-159B9FDB04B6}"
EndProject
Global
	GlobalSection(SolutionConfigurationPlatforms) = preSolution
		Debug|Any CPU = Debug|Any CPU
		Release|Any CPU = Release|Any CPU
	EndGlobalSection
	GlobalSection(ProjectConfigurationPlatforms) = postSolution
		{6480EFEA-1FEE-4078-8E24-61331321B72D}.Debug|Any CPU.ActiveCfg = Debug|Any CPU
		{6480EFEA-1FEE-4078-8E24-61331321B72D}.Debug|Any CPU.Build.0 = Debug|Any CPU
		{6480EFEA-1FEE-4078-8E24-61331321B72D}.Release|Any CPU.ActiveCfg = Release|Any CPU
		{6480EFEA-1FEE-4078-8E24-61331321B72D}.Release|Any CPU.Build.0 = Release|Any CPU
		{01A34C67-4F97-4903-A041-159B9FDB04B6}.Debug|Any CPU.ActiveCfg = Debug|Any CPU
		{01A34C67-4F97-4903-A041-159B9FDB04B6}.Debug|Any CPU.Build.0 = Debug|Any CPU
		{01A34C67-4F97-4903-A041-159B9FDB04B6}.Release|Any CPU.ActiveCfg = Release|Any CPU
		{01A34C67-4F97-4903-A041-159B9FDB04B6}.Release|Any CPU.Build.0 = Release|Any CPU
	EndGlobalSection
	GlobalSection(SolutionProperties) = preSolution
		HideSolutionNode = FALSE
	EndGlobalSection
	GlobalSection(ExtensibilityGlobals) = postSolution
		SolutionGuid = {1BA4A90B-F80D-4677-A9C6-FDFADB7ECA4F}
	EndGlobalSection
EndGlobal
